
Microsoft Visual Studio Solution File, Format Version 12.00
# Visual Studio Version 16
VisualStudioVersion = 16.0.32002.261
MinimumVisualStudioVersion = 10.0.40219.1
Project("{8BC9CEB8-8B4A-11D0-8D11-00A0C91BC942}") = "Screenshot", "Screenshot.vcxproj", "{CC5A6621-CE83-44F5-817B-0D737B60DC3E}"
EndProject
Global
	GlobalSection(SolutionConfigurationPlatforms) = preSolution
		Debug|x64 = Debug|x64
		Debug|x86 = Debug|x86
		Release|x64 = Release|x64
		Release|x86 = Release|x86
	EndGlobalSection
	GlobalSection(ProjectConfigurationPlatforms) = postSolution
		{CC5A6621-CE83-44F5-817B-0D737B60DC3E}.Debug|x64.ActiveCfg = Debug|x64
		{CC5A6621-CE83-44F5-817B-0D737B60DC3E}.Debug|x64.Build.0 = Debug|x64
		{CC5A6621-CE83-44F5-817B-0D737B60DC3E}.Debug|x86.ActiveCfg = Debug|Win32
		{CC5A6621-CE83-44F5-817B-0D737B60DC3E}.Debug|x86.Build.0 = Debug|Win32
		{CC5A6621-CE83-44F5-817B-0D737B60DC3E}.Release|x64.ActiveCfg = Release|x64
		{CC5A6621-CE83-44F5-817B-0D737B60DC3E}.Release|x64.Build.0 = Release|x64
		{CC5A6621-CE83-44F5-817B-0D737B60DC3E}.Release|x86.ActiveCfg = Release|Win32
		{CC5A6621-CE83-44F5-817B-0D737B60DC3E}.Release|x86.Build.0 = Release|Win32
	EndGlobalSection
	GlobalSection(SolutionProperties) = preSolution
		HideSolutionNode = FALSE
	EndGlobalSection
	GlobalSection(ExtensibilityGlobals) = postSolution
		SolutionGuid = {94C5FAF1-C3B5-4F6C-9FE1-9BE2EECA2EA1}
	EndGlobalSection
EndGlobal
